
Microsoft Visual Studio Solution File, Format Version 12.00
# Visual Studio Version 16
VisualStudioVersion = 16.0.29123.88
MinimumVisualStudioVersion = 10.0.40219.1
Project("{FAE04EC0-301F-11D3-BF4B-00C04F79EFBC}") = "Retail main", "Retail main\Retail main.csproj", "{9CC74D51-F6C0-4354-9196-949338CC4BE8}"
EndProject
Global
	GlobalSection(SolutionConfigurationPlatforms) = preSolution
		Debug|Any CPU = Debug|Any CPU
		Release|Any CPU = Release|Any CPU
	EndGlobalSection
	GlobalSection(ProjectConfigurationPlatforms) = postSolution
		{9CC74D51-F6C0-4354-9196-949338CC4BE8}.Debug|Any CPU.ActiveCfg = Debug|Any CPU
		{9CC74D51-F6C0-4354-9196-949338CC4BE8}.Debug|Any CPU.Build.0 = Debug|Any CPU
		{9CC74D51-F6C0-4354-9196-949338CC4BE8}.Release|Any CPU.ActiveCfg = Release|Any CPU
		{9CC74D51-F6C0-4354-9196-949338CC4BE8}.Release|Any CPU.Build.0 = Release|Any CPU
	EndGlobalSection
	GlobalSection(SolutionProperties) = preSolution
		HideSolutionNode = FALSE
	EndGlobalSection
	GlobalSection(ExtensibilityGlobals) = postSolution
		SolutionGuid = {D840EC35-A869-44DF-B1CC-D8ECB1D3A2F7}
	EndGlobalSection
EndGlobal
